
Microsoft Visual Studio Solution File, Format Version 12.00
# Visual Studio Version 17
VisualStudioVersion = 17.4.33213.308
MinimumVisualStudioVersion = 10.0.40219.1
Project("{FAE04EC0-301F-11D3-BF4B-00C04F79EFBC}") = "ClassParcial", "ClassParcial\ClassParcial.csproj", "{643E74F4-50F5-4F92-AD56-E5B0E12524C6}"
EndProject
Global
	GlobalSection(SolutionConfigurationPlatforms) = preSolution
		Debug|Any CPU = Debug|Any CPU
		Release|Any CPU = Release|Any CPU
	EndGlobalSection
	GlobalSection(ProjectConfigurationPlatforms) = postSolution
		{643E74F4-50F5-4F92-AD56-E5B0E12524C6}.Debug|Any CPU.ActiveCfg = Debug|Any CPU
		{643E74F4-50F5-4F92-AD56-E5B0E12524C6}.Debug|Any CPU.Build.0 = Debug|Any CPU
		{643E74F4-50F5-4F92-AD56-E5B0E12524C6}.Release|Any CPU.ActiveCfg = Release|Any CPU
		{643E74F4-50F5-4F92-AD56-E5B0E12524C6}.Release|Any CPU.Build.0 = Release|Any CPU
	EndGlobalSection
	GlobalSection(SolutionProperties) = preSolution
		HideSolutionNode = FALSE
	EndGlobalSection
	GlobalSection(ExtensibilityGlobals) = postSolution
		SolutionGuid = {12828DB4-BB81-4877-BEC9-2CA23A6473FB}
	EndGlobalSection
EndGlobal
